
Microsoft Visual Studio Solution File, Format Version 12.00
# Visual Studio Version 17
VisualStudioVersion = 17.11.35222.181
MinimumVisualStudioVersion = 10.0.40219.1
Project("{8BC9CEB8-8B4A-11D0-8D11-00A0C91BC942}") = "ComplexLab", "ComplexLab\ComplexLab.vcxproj", "{758A1251-CAB1-40D9-9712-944A760349E1}"
EndProject
Project("{8BC9CEB8-8B4A-11D0-8D11-00A0C91BC942}") = "Dynamic_Complex", "..\Dynamic_Complex\Dynamic_Complex\Dynamic_Complex.vcxproj", "{F2D4A212-F8C2-4FA0-A57C-217E504956CF}"
EndProject
Global
	GlobalSection(SolutionConfigurationPlatforms) = preSolution
		Debug|x64 = Debug|x64
		Debug|x86 = Debug|x86
		Release|x64 = Release|x64
		Release|x86 = Release|x86
	EndGlobalSection
	GlobalSection(ProjectConfigurationPlatforms) = postSolution
		{758A1251-CAB1-40D9-9712-944A760349E1}.Debug|x64.ActiveCfg = Debug|x64
		{758A1251-CAB1-40D9-9712-944A760349E1}.Debug|x64.Build.0 = Debug|x64
		{758A1251-CAB1-40D9-9712-944A760349E1}.Debug|x86.ActiveCfg = Debug|Win32
		{758A1251-CAB1-40D9-9712-944A760349E1}.Debug|x86.Build.0 = Debug|Win32
		{758A1251-CAB1-40D9-9712-944A760349E1}.Release|x64.ActiveCfg = Release|x64
		{758A1251-CAB1-40D9-9712-944A760349E1}.Release|x64.Build.0 = Release|x64
		{758A1251-CAB1-40D9-9712-944A760349E1}.Release|x86.ActiveCfg = Release|Win32
		{758A1251-CAB1-40D9-9712-944A760349E1}.Release|x86.Build.0 = Release|Win32
		{F2D4A212-F8C2-4FA0-A57C-217E504956CF}.Debug|x64.ActiveCfg = Debug|x64
		{F2D4A212-F8C2-4FA0-A57C-217E504956CF}.Debug|x64.Build.0 = Debug|x64
		{F2D4A212-F8C2-4FA0-A57C-217E504956CF}.Debug|x86.ActiveCfg = Debug|Win32
		{F2D4A212-F8C2-4FA0-A57C-217E504956CF}.Debug|x86.Build.0 = Debug|Win32
		{F2D4A212-F8C2-4FA0-A57C-217E504956CF}.Release|x64.ActiveCfg = Release|x64
		{F2D4A212-F8C2-4FA0-A57C-217E504956CF}.Release|x64.Build.0 = Release|x64
		{F2D4A212-F8C2-4FA0-A57C-217E504956CF}.Release|x86.ActiveCfg = Release|Win32
		{F2D4A212-F8C2-4FA0-A57C-217E504956CF}.Release|x86.Build.0 = Release|Win32
	EndGlobalSection
	GlobalSection(SolutionProperties) = preSolution
		HideSolutionNode = FALSE
	EndGlobalSection
	GlobalSection(ExtensibilityGlobals) = postSolution
		SolutionGuid = {9BBE1AB3-2D91-48B0-BF29-C238C4DEA0DC}
	EndGlobalSection
EndGlobal
